
Microsoft Visual Studio Solution File, Format Version 12.00
# Visual Studio 15
VisualStudioVersion = 15.0.27703.2018
MinimumVisualStudioVersion = 10.0.40219.1
Project("{FAE04EC0-301F-11D3-BF4B-00C04F79EFBC}") = "sps", "sps.csproj", "{588E9FE1-6EF4-4013-AD0C-EBDAB6BDB018}"
EndProject
Global
	GlobalSection(SolutionConfigurationPlatforms) = preSolution
		Debug|Any CPU = Debug|Any CPU
		Release|Any CPU = Release|Any CPU
	EndGlobalSection
	GlobalSection(ProjectConfigurationPlatforms) = postSolution
		{588E9FE1-6EF4-4013-AD0C-EBDAB6BDB018}.Debug|Any CPU.ActiveCfg = Debug|Any CPU
		{588E9FE1-6EF4-4013-AD0C-EBDAB6BDB018}.Debug|Any CPU.Build.0 = Debug|Any CPU
		{588E9FE1-6EF4-4013-AD0C-EBDAB6BDB018}.Release|Any CPU.ActiveCfg = Release|Any CPU
		{588E9FE1-6EF4-4013-AD0C-EBDAB6BDB018}.Release|Any CPU.Build.0 = Release|Any CPU
	EndGlobalSection
	GlobalSection(SolutionProperties) = preSolution
		HideSolutionNode = FALSE
	EndGlobalSection
	GlobalSection(ExtensibilityGlobals) = postSolution
		SolutionGuid = {8BA8C2ED-2271-4524-9A97-99156E21FCE7}
	EndGlobalSection
EndGlobal
